
Microsoft Visual Studio Solution File, Format Version 12.00
# Visual Studio Version 17
VisualStudioVersion = 17.6.33815.320
MinimumVisualStudioVersion = 10.0.40219.1
Project("{9A19103F-16F7-4668-BE54-9A1E7A4F7556}") = "WebMVC", "WebMVC Mo.1\WebMVC.csproj", "{0533F233-79C1-443B-BF67-91414E0D948C}"
EndProject
Project("{9A19103F-16F7-4668-BE54-9A1E7A4F7556}") = "MVC-Concept", "MVC-Concept\MVC-Concept.csproj", "{6AAF7CC5-3BE3-410F-B6F3-037F95C46F5A}"
EndProject
Project("{9A19103F-16F7-4668-BE54-9A1E7A4F7556}") = "MVC-Depency", "MVC-Depency\MVC-Depency.csproj", "{84DB4C80-1646-4CC0-BF2B-70D48FF5233F}"
EndProject
Project("{9A19103F-16F7-4668-BE54-9A1E7A4F7556}") = "Code-First-Test", "Code-First-Test\Code-First-Test.csproj", "{6C1153D1-24F5-4096-9C23-5EE5E28A448B}"
EndProject
Project("{9A19103F-16F7-4668-BE54-9A1E7A4F7556}") = "TestDataBase1to1toMany", "TestDataBase1to1toMany\TestDataBase1to1toMany.csproj", "{A2E1FF04-1014-4BC2-91C2-0A4A61C39401}"
EndProject
Project("{9A19103F-16F7-4668-BE54-9A1E7A4F7556}") = "ImageManagement", "ImageManagement\ImageManagement.csproj", "{649C9CE5-A0BA-4B6F-93F6-E747487A8BD5}"
EndProject
Project("{9A19103F-16F7-4668-BE54-9A1E7A4F7556}") = "HashHaveSalt", "HashHaveSalt\HashHaveSalt.csproj", "{3074FD52-9F86-4F1A-8B36-B1D762BFC7C1}"
EndProject
Project("{9A19103F-16F7-4668-BE54-9A1E7A4F7556}") = "AuthenDb", "AuthenDb\AuthenDb.csproj", "{4C8637B4-E46C-4995-959F-586FA842CCF0}"
EndProject
Project("{FAE04EC0-301F-11D3-BF4B-00C04F79EFBC}") = "Authorization", "Authorization\Authorization.csproj", "{E2FBABEF-0641-42AA-B98F-5AF4C4EA641D}"
EndProject
Global
	GlobalSection(SolutionConfigurationPlatforms) = preSolution
		Debug|Any CPU = Debug|Any CPU
		Release|Any CPU = Release|Any CPU
	EndGlobalSection
	GlobalSection(ProjectConfigurationPlatforms) = postSolution
		{0533F233-79C1-443B-BF67-91414E0D948C}.Debug|Any CPU.ActiveCfg = Debug|Any CPU
		{0533F233-79C1-443B-BF67-91414E0D948C}.Debug|Any CPU.Build.0 = Debug|Any CPU
		{0533F233-79C1-443B-BF67-91414E0D948C}.Release|Any CPU.ActiveCfg = Release|Any CPU
		{0533F233-79C1-443B-BF67-91414E0D948C}.Release|Any CPU.Build.0 = Release|Any CPU
		{6AAF7CC5-3BE3-410F-B6F3-037F95C46F5A}.Debug|Any CPU.ActiveCfg = Debug|Any CPU
		{6AAF7CC5-3BE3-410F-B6F3-037F95C46F5A}.Debug|Any CPU.Build.0 = Debug|Any CPU
		{6AAF7CC5-3BE3-410F-B6F3-037F95C46F5A}.Release|Any CPU.ActiveCfg = Release|Any CPU
		{6AAF7CC5-3BE3-410F-B6F3-037F95C46F5A}.Release|Any CPU.Build.0 = Release|Any CPU
		{84DB4C80-1646-4CC0-BF2B-70D48FF5233F}.Debug|Any CPU.ActiveCfg = Debug|Any CPU
		{84DB4C80-1646-4CC0-BF2B-70D48FF5233F}.Debug|Any CPU.Build.0 = Debug|Any CPU
		{84DB4C80-1646-4CC0-BF2B-70D48FF5233F}.Release|Any CPU.ActiveCfg = Release|Any CPU
		{84DB4C80-1646-4CC0-BF2B-70D48FF5233F}.Release|Any CPU.Build.0 = Release|Any CPU
		{6C1153D1-24F5-4096-9C23-5EE5E28A448B}.Debug|Any CPU.ActiveCfg = Debug|Any CPU
		{6C1153D1-24F5-4096-9C23-5EE5E28A448B}.Debug|Any CPU.Build.0 = Debug|Any CPU
		{6C1153D1-24F5-4096-9C23-5EE5E28A448B}.Release|Any CPU.ActiveCfg = Release|Any CPU
		{6C1153D1-24F5-4096-9C23-5EE5E28A448B}.Release|Any CPU.Build.0 = Release|Any CPU
		{A2E1FF04-1014-4BC2-91C2-0A4A61C39401}.Debug|Any CPU.ActiveCfg = Debug|Any CPU
		{A2E1FF04-1014-4BC2-91C2-0A4A61C39401}.Debug|Any CPU.Build.0 = Debug|Any CPU
		{A2E1FF04-1014-4BC2-91C2-0A4A61C39401}.Release|Any CPU.ActiveCfg = Release|Any CPU
		{A2E1FF04-1014-4BC2-91C2-0A4A61C39401}.Release|Any CPU.Build.0 = Release|Any CPU
		{649C9CE5-A0BA-4B6F-93F6-E747487A8BD5}.Debug|Any CPU.ActiveCfg = Debug|Any CPU
		{649C9CE5-A0BA-4B6F-93F6-E747487A8BD5}.Debug|Any CPU.Build.0 = Debug|Any CPU
		{649C9CE5-A0BA-4B6F-93F6-E747487A8BD5}.Release|Any CPU.ActiveCfg = Release|Any CPU
		{649C9CE5-A0BA-4B6F-93F6-E747487A8BD5}.Release|Any CPU.Build.0 = Release|Any CPU
		{3074FD52-9F86-4F1A-8B36-B1D762BFC7C1}.Debug|Any CPU.ActiveCfg = Debug|Any CPU
		{3074FD52-9F86-4F1A-8B36-B1D762BFC7C1}.Debug|Any CPU.Build.0 = Debug|Any CPU
		{3074FD52-9F86-4F1A-8B36-B1D762BFC7C1}.Release|Any CPU.ActiveCfg = Release|Any CPU
		{3074FD52-9F86-4F1A-8B36-B1D762BFC7C1}.Release|Any CPU.Build.0 = Release|Any CPU
		{4C8637B4-E46C-4995-959F-586FA842CCF0}.Debug|Any CPU.ActiveCfg = Debug|Any CPU
		{4C8637B4-E46C-4995-959F-586FA842CCF0}.Debug|Any CPU.Build.0 = Debug|Any CPU
		{4C8637B4-E46C-4995-959F-586FA842CCF0}.Release|Any CPU.ActiveCfg = Release|Any CPU
		{4C8637B4-E46C-4995-959F-586FA842CCF0}.Release|Any CPU.Build.0 = Release|Any CPU
		{E2FBABEF-0641-42AA-B98F-5AF4C4EA641D}.Debug|Any CPU.ActiveCfg = Debug|Any CPU
		{E2FBABEF-0641-42AA-B98F-5AF4C4EA641D}.Debug|Any CPU.Build.0 = Debug|Any CPU
		{E2FBABEF-0641-42AA-B98F-5AF4C4EA641D}.Release|Any CPU.ActiveCfg = Release|Any CPU
		{E2FBABEF-0641-42AA-B98F-5AF4C4EA641D}.Release|Any CPU.Build.0 = Release|Any CPU
	EndGlobalSection
	GlobalSection(SolutionProperties) = preSolution
		HideSolutionNode = FALSE
	EndGlobalSection
	GlobalSection(ExtensibilityGlobals) = postSolution
		SolutionGuid = {E54378C6-9A51-4C87-A6F1-8A416B4ED4F9}
	EndGlobalSection
EndGlobal
